
Microsoft Visual Studio Solution File, Format Version 12.00
# Visual Studio 14
VisualStudioVersion = 14.0.25420.1
MinimumVisualStudioVersion = 10.0.40219.1
Project("{FAE04EC0-301F-11D3-BF4B-00C04F79EFBC}") = "DtronixMessageQueue", "DtronixMessageQueue\DtronixMessageQueue.csproj", "{060BFECA-A3D2-4871-AE35-28DECCB95FE3}"
EndProject
Project("{FAE04EC0-301F-11D3-BF4B-00C04F79EFBC}") = "DtronixMessageQueueTests", "DtronixMessageQueueTests\DtronixMessageQueueTests.csproj", "{C51DA0D8-7831-49E0-925F-149C9A5B1625}"
EndProject
Project("{FAE04EC0-301F-11D3-BF4B-00C04F79EFBC}") = "MqPerformanceTests", "MQTest\MqPerformanceTests.csproj", "{1DF3332E-9B24-45B9-934B-43542793986C}"
EndProject
Global
	GlobalSection(SolutionConfigurationPlatforms) = preSolution
		Debug|Any CPU = Debug|Any CPU
		Release|Any CPU = Release|Any CPU
	EndGlobalSection
	GlobalSection(ProjectConfigurationPlatforms) = postSolution
		{060BFECA-A3D2-4871-AE35-28DECCB95FE3}.Debug|Any CPU.ActiveCfg = Debug|Any CPU
		{060BFECA-A3D2-4871-AE35-28DECCB95FE3}.Debug|Any CPU.Build.0 = Debug|Any CPU
		{060BFECA-A3D2-4871-AE35-28DECCB95FE3}.Release|Any CPU.ActiveCfg = Release|Any CPU
		{060BFECA-A3D2-4871-AE35-28DECCB95FE3}.Release|Any CPU.Build.0 = Release|Any CPU
		{C51DA0D8-7831-49E0-925F-149C9A5B1625}.Debug|Any CPU.ActiveCfg = Debug|Any CPU
		{C51DA0D8-7831-49E0-925F-149C9A5B1625}.Debug|Any CPU.Build.0 = Debug|Any CPU
		{C51DA0D8-7831-49E0-925F-149C9A5B1625}.Release|Any CPU.ActiveCfg = Release|Any CPU
		{C51DA0D8-7831-49E0-925F-149C9A5B1625}.Release|Any CPU.Build.0 = Release|Any CPU
		{1DF3332E-9B24-45B9-934B-43542793986C}.Debug|Any CPU.ActiveCfg = Debug|Any CPU
		{1DF3332E-9B24-45B9-934B-43542793986C}.Debug|Any CPU.Build.0 = Debug|Any CPU
		{1DF3332E-9B24-45B9-934B-43542793986C}.Release|Any CPU.ActiveCfg = Release|Any CPU
		{1DF3332E-9B24-45B9-934B-43542793986C}.Release|Any CPU.Build.0 = Release|Any CPU
	EndGlobalSection
	GlobalSection(SolutionProperties) = preSolution
		HideSolutionNode = FALSE
	EndGlobalSection
EndGlobal
